// !$*UTF8*$!
{
	archiveVersion = 1;
	classes = {
	};
	objectVersion = 48;
	objects = {

/* Begin PBXBuildFile section */
		B92943952063977C00FEE802 /* AppDelegate.swift in Sources */ = {isa = PBXBuildFile; fileRef = B92943942063977C00FEE802 /* AppDelegate.swift */; };
		B92943972063977C00FEE802 /* ViewController.swift in Sources */ = {isa = PBXBuildFile; fileRef = B92943962063977C00FEE802 /* ViewController.swift */; };
		B929439A2063977C00FEE802 /* Main.storyboard in Resources */ = {isa = PBXBuildFile; fileRef = B92943982063977C00FEE802 /* Main.storyboard */; };
		B929439C2063977C00FEE802 /* Assets.xcassets in Resources */ = {isa = PBXBuildFile; fileRef = B929439B2063977C00FEE802 /* Assets.xcassets */; };
		B929439F2063977C00FEE802 /* LaunchScreen.storyboard in Resources */ = {isa = PBXBuildFile; fileRef = B929439D2063977C00FEE802 /* LaunchScreen.storyboard */; };
/* End PBXBuildFile section */

/* Begin PBXFileReference section */
		B92943912063977C00FEE802 /* 作業_創作一個自己有興趣的App.app */ = {isa = PBXFileReference; explicitFileType = wrapper.application; includeInIndex = 0; path = "作業_創作一個自己有興趣的App.app"; sourceTree = BUILT_PRODUCTS_DIR; };
		B92943942063977C00FEE802 /* AppDelegate.swift */ = {isa = PBXFileReference; lastKnownFileType = sourcecode.swift; path = AppDelegate.swift; sourceTree = "<group>"; };
		B92943962063977C00FEE802 /* ViewController.swift */ = {isa = PBXFileReference; lastKnownFileType = sourcecode.swift; path = ViewController.swift; sourceTree = "<group>"; };
		B92943992063977C00FEE802 /* Base */ = {isa = PBXFileReference; lastKnownFileType = file.storyboard; name = Base; path = Base.lproj/Main.storyboard; sourceTree = "<group>"; };
		B929439B2063977C00FEE802 /* Assets.xcassets */ = {isa = PBXFileReference; lastKnownFileType = folder.assetcatalog; path = Assets.xcassets; sourceTree = "<group>"; };
		B929439E2063977C00FEE802 /* Base */ = {isa = PBXFileReference; lastKnownFileType = file.storyboard; name = Base; path = Base.lproj/LaunchScreen.storyboard; sourceTree = "<group>"; };
		B92943A02063977C00FEE802 /* Info.plist */ = {isa = PBXFileReference; lastKnownFileType = text.plist.xml; path = Info.plist; sourceTree = "<group>"; };
/* End PBXFileReference section */

/* Begin PBXFrameworksBuildPhase section */
		B929438E2063977C00FEE802 /* Frameworks */ = {
			isa = PBXFrameworksBuildPhase;
			buildActionMask = 2147483647;
			files = (
			);
			runOnlyForDeploymentPostprocessing = 0;
		};
/* End PBXFrameworksBuildPhase section */

/* Begin PBXGroup section */
		B92943882063977C00FEE802 = {
			isa = PBXGroup;
			children = (
				B92943932063977C00FEE802 /* 作業_創作一個自己有興趣的App */,
				B92943922063977C00FEE802 /* Products */,
			);
			sourceTree = "<group>";
		};
		B92943922063977C00FEE802 /* Products */ = {
			isa = PBXGroup;
			children = (
				B92943912063977C00FEE802 /* 作業_創作一個自己有興趣的App.app */,
			);
			name = Products;
			sourceTree = "<group>";
		};
		B92943932063977C00FEE802 /* 作業_創作一個自己有興趣的App */ = {
			isa = PBXGroup;
			children = (
				B92943942063977C00FEE802 /* AppDelegate.swift */,
				B92943962063977C00FEE802 /* ViewController.swift */,
				B92943982063977C00FEE802 /* Main.storyboard */,
				B929439B2063977C00FEE802 /* Assets.xcassets */,
				B929439D2063977C00FEE802 /* LaunchScreen.storyboard */,
				B92943A02063977C00FEE802 /* Info.plist */,
			);
			path = "作業_創作一個自己有興趣的App";
			sourceTree = "<group>";
		};
/* End PBXGroup section */

/* Begin PBXNativeTarget section */
		B92943902063977C00FEE802 /* 作業_創作一個自己有興趣的App */ = {
			isa = PBXNativeTarget;
			buildConfigurationList = B92943A32063977C00FEE802 /* Build configuration list for PBXNativeTarget "作業_創作一個自己有興趣的App" */;
			buildPhases = (
				B929438D2063977C00FEE802 /* Sources */,
				B929438E2063977C00FEE802 /* Frameworks */,
				B929438F2063977C00FEE802 /* Resources */,
			);
			buildRules = (
			);
			dependencies = (
			);
			name = "作業_創作一個自己有興趣的App";
			productName = "作業_創作一個自己有興趣的App";
			productReference = B92943912063977C00FEE802 /* 作業_創作一個自己有興趣的App.app */;
			productType = "com.apple.product-type.application";
		};
/* End PBXNativeTarget section */

/* Begin PBXProject section */
		B92943892063977C00FEE802 /* Project object */ = {
			isa = PBXProject;
			attributes = {
				LastSwiftUpdateCheck = 0920;
				LastUpgradeCheck = 0920;
				ORGANIZATIONNAME = AppCoda;
				TargetAttributes = {
					B92943902063977C00FEE802 = {
						CreatedOnToolsVersion = 9.2;
						ProvisioningStyle = Automatic;
					};
				};
			};
			buildConfigurationList = B929438C2063977C00FEE802 /* Build configuration list for PBXProject "作業_創作一個自己有興趣的App" */;
			compatibilityVersion = "Xcode 8.0";
			developmentRegion = en;
			hasScannedForEncodings = 0;
			knownRegions = (
				en,
				Base,
			);
			mainGroup = B92943882063977C00FEE802;
			productRefGroup = B92943922063977C00FEE802 /* Products */;
			projectDirPath = "";
			projectRoot = "";
			targets = (
				B92943902063977C00FEE802 /* 作業_創作一個自己有興趣的App */,
			);
		};
/* End PBXProject section */

/* Begin PBXResourcesBuildPhase section */
		B929438F2063977C00FEE802 /* Resources */ = {
			isa = PBXResourcesBuildPhase;
			buildActionMask = 2147483647;
			files = (
				B929439F2063977C00FEE802 /* LaunchScreen.storyboard in Resources */,
				B929439C2063977C00FEE802 /* Assets.xcassets in Resources */,
				B929439A2063977C00FEE802 /* Main.storyboard in Resources */,
			);
			runOnlyForDeploymentPostprocessing = 0;
		};
/* End PBXResourcesBuildPhase section */

/* Begin PBXSourcesBuildPhase section */
		B929438D2063977C00FEE802 /* Sources */ = {
			isa = PBXSourcesBuildPhase;
			buildActionMask = 2147483647;
			files = (
				B92943972063977C00FEE802 /* ViewController.swift in Sources */,
				B92943952063977C00FEE802 /* AppDelegate.swift in Sources */,
			);
			runOnlyForDeploymentPostprocessing = 0;
		};
/* End PBXSourcesBuildPhase section */

/* Begin PBXVariantGroup section */
		B92943982063977C00FEE802 /* Main.storyboard */ = {
			isa = PBXVariantGroup;
			children = (
				B92943992063977C00FEE802 /* Base */,
			);
			name = Main.storyboard;
			sourceTree = "<group>";
		};
		B929439D2063977C00FEE802 /* LaunchScreen.storyboard */ = {
			isa = PBXVariantGroup;
			children = (
				B929439E2063977C00FEE802 /* Base */,
			);
			name = LaunchScreen.storyboard;
			sourceTree = "<group>";
		};
/* End PBXVariantGroup section */

/* Begin XCBuildConfiguration section */
		B92943A12063977C00FEE802 /* Debug */ = {
			isa = XCBuildConfiguration;
			buildSettings = {
				ALWAYS_SEARCH_USER_PATHS = NO;
				CLANG_ANALYZER_NONNULL = YES;
				CLANG_ANALYZER_NUMBER_OBJECT_CONVERSION = YES_AGGRESSIVE;
				CLANG_CXX_LANGUAGE_STANDARD = "gnu++14";
				CLANG_CXX_LIBRARY = "libc++";
				CLANG_ENABLE_MODULES = YES;
				CLANG_ENABLE_OBJC_ARC = YES;
				CLANG_WARN_BLOCK_CAPTURE_AUTORELEASING = YES;
				CLANG_WARN_BOOL_CONVERSION = YES;
				CLANG_WARN_COMMA = YES;
				CLANG_WARN_CONSTANT_CONVERSION = YES;
				CLANG_WARN_DIRECT_OBJC_ISA_USAGE = YES_ERROR;
				CLANG_WARN_DOCUMENTATION_COMMENTS = YES;
				CLANG_WARN_EMPTY_BODY = YES;
				CLANG_WARN_ENUM_CONVERSION = YES;
				CLANG_WARN_INFINITE_RECURSION = YES;
				CLANG_WARN_INT_CONVERSION = YES;
				CLANG_WARN_NON_LITERAL_NULL_CONVERSION = YES;
				CLANG_WARN_OBJC_LITERAL_CONVERSION = YES;
				CLANG_WARN_OBJC_ROOT_CLASS = YES_ERROR;
				CLANG_WARN_RANGE_LOOP_ANALYSIS = YES;
				CLANG_WARN_STRICT_PROTOTYPES = YES;
				CLANG_WARN_SUSPICIOUS_MOVE = YES;
				CLANG_WARN_UNGUARDED_AVAILABILITY = YES_AGGRESSIVE;
				CLANG_WARN_UNREACHABLE_CODE = YES;
				CLANG_WARN__DUPLICATE_METHOD_MATCH = YES;
				CODE_SIGN_IDENTITY = "iPhone Developer";
				COPY_PHASE_STRIP = NO;
				DEBUG_INFORMATION_FORMAT = dwarf;
				ENABLE_STRICT_OBJC_MSGSEND = YES;
				ENABLE_TESTABILITY = YES;
				GCC_C_LANGUAGE_STANDARD = gnu11;
				GCC_DYNAMIC_NO_PIC = NO;
				GCC_NO_COMMON_BLOCKS = YES;
				GCC_OPTIMIZATION_LEVEL = 0;
				GCC_PREPROCESSOR_DEFINITIONS = (
					"DEBUG=1",
					"$(inherited)",
				);
				GCC_WARN_64_TO_32_BIT_CONVERSION = YES;
				GCC_WARN_ABOUT_RETURN_TYPE = YES_ERROR;
				GCC_WARN_UNDECLARED_SELECTOR = YES;
				GCC_WARN_UNINITIALIZED_AUTOS = YES_AGGRESSIVE;
				GCC_WARN_UNUSED_FUNCTION = YES;
				GCC_WARN_UNUSED_VARIABLE = YES;
				IPHONEOS_DEPLOYMENT_TARGET = 11.2;
				MTL_ENABLE_DEBUG_INFO = YES;
				ONLY_ACTIVE_ARCH = YES;
				SDKROOT = iphoneos;
				SWIFT_ACTIVE_COMPILATION_CONDITIONS = DEBUG;
				SWIFT_OPTIMIZATION_LEVEL = "-Onone";
			};
			name = Debug;
		};
		B92943A22063977C00FEE802 /* Release */ = {
			isa = XCBuildConfiguration;
			buildSettings = {
				ALWAYS_SEARCH_USER_PATHS = NO;
				CLANG_ANALYZER_NONNULL = YES;
				CLANG_ANALYZER_NUMBER_OBJECT_CONVERSION = YES_AGGRESSIVE;
				CLANG_CXX_LANGUAGE_STANDARD = "gnu++14";
				CLANG_CXX_LIBRARY = "libc++";
				CLANG_ENABLE_MODULES = YES;
				CLANG_ENABLE_OBJC_ARC = YES;
				CLANG_WARN_BLOCK_CAPTURE_AUTORELEASING = YES;
				CLANG_WARN_BOOL_CONVERSION = YES;
				CLANG_WARN_COMMA = YES;
				CLANG_WARN_CONSTANT_CONVERSION = YES;
				CLANG_WARN_DIRECT_OBJC_ISA_USAGE = YES_ERROR;
				CLANG_WARN_DOCUMENTATION_COMMENTS = YES;
				CLANG_WARN_EMPTY_BODY = YES;
				CLANG_WARN_ENUM_CONVERSION = YES;
				CLANG_WARN_INFINITE_RECURSION = YES;
				CLANG_WARN_INT_CONVERSION = YES;
				CLANG_WARN_NON_LITERAL_NULL_CONVERSION = YES;
				CLANG_WARN_OBJC_LITERAL_CONVERSION = YES;
				CLANG_WARN_OBJC_ROOT_CLASS = YES_ERROR;
				CLANG_WARN_RANGE_LOOP_ANALYSIS = YES;
				CLANG_WARN_STRICT_PROTOTYPES = YES;
				CLANG_WARN_SUSPICIOUS_MOVE = YES;
				CLANG_WARN_UNGUARDED_AVAILABILITY = YES_AGGRESSIVE;
				CLANG_WARN_UNREACHABLE_CODE = YES;
				CLANG_WARN__DUPLICATE_METHOD_MATCH = YES;
				CODE_SIGN_IDENTITY = "iPhone Developer";
				COPY_PHASE_STRIP = NO;
				DEBUG_INFORMATION_FORMAT = "dwarf-with-dsym";
				ENABLE_NS_ASSERTIONS = NO;
				ENABLE_STRICT_OBJC_MSGSEND = YES;
				GCC_C_LANGUAGE_STANDARD = gnu11;
				GCC_NO_COMMON_BLOCKS = YES;
				GCC_WARN_64_TO_32_BIT_CONVERSION = YES;
				GCC_WARN_ABOUT_RETURN_TYPE = YES_ERROR;
				GCC_WARN_UNDECLARED_SELECTOR = YES;
				GCC_WARN_UNINITIALIZED_AUTOS = YES_AGGRESSIVE;
				GCC_WARN_UNUSED_FUNCTION = YES;
				GCC_WARN_UNUSED_VARIABLE = YES;
				IPHONEOS_DEPLOYMENT_TARGET = 11.2;
				MTL_ENABLE_DEBUG_INFO = NO;
				SDKROOT = iphoneos;
				SWIFT_OPTIMIZATION_LEVEL = "-Owholemodule";
				VALIDATE_PRODUCT = YES;
			};
			name = Release;
		};
		B92943A42063977C00FEE802 /* Debug */ = {
			isa = XCBuildConfiguration;
			buildSettings = {
				ASSETCATALOG_COMPILER_APPICON_NAME = AppIcon;
				CODE_SIGN_STYLE = Automatic;
				DEVELOPMENT_TEAM = F768RDK6GL;
				INFOPLIST_FILE = "作業_創作一個自己有興趣的App/Info.plist";
				LD_RUNPATH_SEARCH_PATHS = "$(inherited) @executable_path/Frameworks";
				PRODUCT_BUNDLE_IDENTIFIER = "com.jonywu.-------------App";
				PRODUCT_NAME = "$(TARGET_NAME)";
				SWIFT_VERSION = 4.0;
				TARGETED_DEVICE_FAMILY = "1,2";
			};
			name = Debug;
		};
		B92943A52063977C00FEE802 /* Release */ = {
			isa = XCBuildConfiguration;
			buildSettings = {
				ASSETCATALOG_COMPILER_APPICON_NAME = AppIcon;
				CODE_SIGN_STYLE = Automatic;
				DEVELOPMENT_TEAM = F768RDK6GL;
				INFOPLIST_FILE = "作業_創作一個自己有興趣的App/Info.plist";
				LD_RUNPATH_SEARCH_PATHS = "$(inherited) @executable_path/Frameworks";
				PRODUCT_BUNDLE_IDENTIFIER = "com.jonywu.-------------App";
				PRODUCT_NAME = "$(TARGET_NAME)";
				SWIFT_VERSION = 4.0;
				TARGETED_DEVICE_FAMILY = "1,2";
			};
			name = Release;
		};
/* End XCBuildConfiguration section */

/* Begin XCConfigurationList section */
		B929438C2063977C00FEE802 /* Build configuration list for PBXProject "作業_創作一個自己有興趣的App" */ = {
			isa = XCConfigurationList;
			buildConfigurations = (
				B92943A12063977C00FEE802 /* Debug */,
				B92943A22063977C00FEE802 /* Release */,
			);
			defaultConfigurationIsVisible = 0;
			defaultConfigurationName = Release;
		};
		B92943A32063977C00FEE802 /* Build configuration list for PBXNativeTarget "作業_創作一個自己有興趣的App" */ = {
			isa = XCConfigurationList;
			buildConfigurations = (
				B92943A42063977C00FEE802 /* Debug */,
				B92943A52063977C00FEE802 /* Release */,
			);
			defaultConfigurationIsVisible = 0;
			defaultConfigurationName = Release;
		};
/* End XCConfigurationList section */
	};
	rootObject = B92943892063977C00FEE802 /* Project object */;
}
